
Microsoft Visual Studio Solution File, Format Version 10.00
# Visual C++ Express 2008
Project("{8BC9CEB8-8B4A-11D0-8D11-00A0C91BC942}") = "ImageProcessingV3", "ImageProcessingV3.vcproj", "{4490B0C8-4098-4043-AD18-ABF1DF0BFAAC}"
EndProject
Global
	GlobalSection(SolutionConfigurationPlatforms) = preSolution
		Debug|Win32 = Debug|Win32
		Release|Win32 = Release|Win32
	EndGlobalSection
	GlobalSection(ProjectConfigurationPlatforms) = postSolution
		{4490B0C8-4098-4043-AD18-ABF1DF0BFAAC}.Debug|Win32.ActiveCfg = Debug|Win32
		{4490B0C8-4098-4043-AD18-ABF1DF0BFAAC}.Debug|Win32.Build.0 = Debug|Win32
		{4490B0C8-4098-4043-AD18-ABF1DF0BFAAC}.Release|Win32.ActiveCfg = Release|Win32
		{4490B0C8-4098-4043-AD18-ABF1DF0BFAAC}.Release|Win32.Build.0 = Release|Win32
	EndGlobalSection
	GlobalSection(SolutionProperties) = preSolution
		HideSolutionNode = FALSE
	EndGlobalSection
EndGlobal
