
Microsoft Visual Studio Solution File, Format Version 10.00
# Visual C++ Express 2008
Project("{8BC9CEB8-8B4A-11D0-8D11-00A0C91BC942}") = "ImageProcessing", "ImageProcessing.vcproj", "{3302BB54-17BB-4015-8AAF-3B1CE3CA8BB6}"
EndProject
Global
	GlobalSection(SolutionConfigurationPlatforms) = preSolution
		Debug|Win32 = Debug|Win32
		Release|Win32 = Release|Win32
	EndGlobalSection
	GlobalSection(ProjectConfigurationPlatforms) = postSolution
		{3302BB54-17BB-4015-8AAF-3B1CE3CA8BB6}.Debug|Win32.ActiveCfg = Debug|Win32
		{3302BB54-17BB-4015-8AAF-3B1CE3CA8BB6}.Debug|Win32.Build.0 = Debug|Win32
		{3302BB54-17BB-4015-8AAF-3B1CE3CA8BB6}.Release|Win32.ActiveCfg = Release|Win32
		{3302BB54-17BB-4015-8AAF-3B1CE3CA8BB6}.Release|Win32.Build.0 = Release|Win32
	EndGlobalSection
	GlobalSection(SolutionProperties) = preSolution
		HideSolutionNode = FALSE
	EndGlobalSection
EndGlobal
